
Microsoft Visual Studio Solution File, Format Version 12.00
# Visual Studio 15
VisualStudioVersion = 15.0.27004.2005
MinimumVisualStudioVersion = 10.0.40219.1
Project("{2150E333-8FDC-42A3-9474-1A3956D46DE8}") = "Solution Items", "Solution Items", "{BDEE6815-974F-4BA3-B340-B53587A68A71}"
	ProjectSection(SolutionItems) = preProject
		Fax.html = Fax.html
		HTMLPage1.html = HTMLPage1.html
		HTMLPage2.html = HTMLPage2.html
		solution2.js = solution2.js
	EndProjectSection
EndProject
Global
	GlobalSection(SolutionProperties) = preSolution
		HideSolutionNode = FALSE
	EndGlobalSection
	GlobalSection(ExtensibilityGlobals) = postSolution
		SolutionGuid = {3BEF5F92-BFA7-42CB-8276-B6016EB5C6AE}
	EndGlobalSection
EndGlobal
